// !$*UTF8*$!
{
	archiveVersion = 1;
	classes = {
	};
	objectVersion = 56;
	objects = {

/* Begin PBXBuildFile section */
		7CA0DAD729AEEE44006421B8 /* AppDelegate.swift in Sources */ = {isa = PBXBuildFile; fileRef = 7CA0DAD629AEEE44006421B8 /* AppDelegate.swift */; };
		7CA0DAD929AEEE44006421B8 /* SceneDelegate.swift in Sources */ = {isa = PBXBuildFile; fileRef = 7CA0DAD829AEEE44006421B8 /* SceneDelegate.swift */; };
		7CA0DADB29AEEE44006421B8 /* ViewController.swift in Sources */ = {isa = PBXBuildFile; fileRef = 7CA0DADA29AEEE44006421B8 /* ViewController.swift */; };
		7CA0DADE29AEEE44006421B8 /* Main.storyboard in Resources */ = {isa = PBXBuildFile; fileRef = 7CA0DADC29AEEE44006421B8 /* Main.storyboard */; };
		7CA0DAE029AEEE44006421B8 /* Assets.xcassets in Resources */ = {isa = PBXBuildFile; fileRef = 7CA0DADF29AEEE44006421B8 /* Assets.xcassets */; };
		7CA0DAE329AEEE44006421B8 /* LaunchScreen.storyboard in Resources */ = {isa = PBXBuildFile; fileRef = 7CA0DAE129AEEE44006421B8 /* LaunchScreen.storyboard */; };
		7CA0DAEE29AEEE45006421B8 /* UIKViewsTests.swift in Sources */ = {isa = PBXBuildFile; fileRef = 7CA0DAED29AEEE45006421B8 /* UIKViewsTests.swift */; };
		7CA0DAF829AEEE45006421B8 /* UIKViewsUITests.swift in Sources */ = {isa = PBXBuildFile; fileRef = 7CA0DAF729AEEE45006421B8 /* UIKViewsUITests.swift */; };
		7CA0DAFA29AEEE45006421B8 /* UIKViewsUITestsLaunchTests.swift in Sources */ = {isa = PBXBuildFile; fileRef = 7CA0DAF929AEEE45006421B8 /* UIKViewsUITestsLaunchTests.swift */; };
/* End PBXBuildFile section */

/* Begin PBXContainerItemProxy section */
		7CA0DAEA29AEEE45006421B8 /* PBXContainerItemProxy */ = {
			isa = PBXContainerItemProxy;
			containerPortal = 7CA0DACB29AEEE44006421B8 /* Project object */;
			proxyType = 1;
			remoteGlobalIDString = 7CA0DAD229AEEE44006421B8;
			remoteInfo = UIKViews;
		};
		7CA0DAF429AEEE45006421B8 /* PBXContainerItemProxy */ = {
			isa = PBXContainerItemProxy;
			containerPortal = 7CA0DACB29AEEE44006421B8 /* Project object */;
			proxyType = 1;
			remoteGlobalIDString = 7CA0DAD229AEEE44006421B8;
			remoteInfo = UIKViews;
		};
/* End PBXContainerItemProxy section */

/* Begin PBXFileReference section */
		7CA0DAD329AEEE44006421B8 /* UIKViews.app */ = {isa = PBXFileReference; explicitFileType = wrapper.application; includeInIndex = 0; path = UIKViews.app; sourceTree = BUILT_PRODUCTS_DIR; };
		7CA0DAD629AEEE44006421B8 /* AppDelegate.swift */ = {isa = PBXFileReference; lastKnownFileType = sourcecode.swift; path = AppDelegate.swift; sourceTree = "<group>"; };
		7CA0DAD829AEEE44006421B8 /* SceneDelegate.swift */ = {isa = PBXFileReference; lastKnownFileType = sourcecode.swift; path = SceneDelegate.swift; sourceTree = "<group>"; };
		7CA0DADA29AEEE44006421B8 /* ViewController.swift */ = {isa = PBXFileReference; lastKnownFileType = sourcecode.swift; path = ViewController.swift; sourceTree = "<group>"; };
		7CA0DADD29AEEE44006421B8 /* Base */ = {isa = PBXFileReference; lastKnownFileType = file.storyboard; name = Base; path = Base.lproj/Main.storyboard; sourceTree = "<group>"; };
		7CA0DADF29AEEE44006421B8 /* Assets.xcassets */ = {isa = PBXFileReference; lastKnownFileType = folder.assetcatalog; path = Assets.xcassets; sourceTree = "<group>"; };
		7CA0DAE229AEEE44006421B8 /* Base */ = {isa = PBXFileReference; lastKnownFileType = file.storyboard; name = Base; path = Base.lproj/LaunchScreen.storyboard; sourceTree = "<group>"; };
		7CA0DAE429AEEE44006421B8 /* Info.plist */ = {isa = PBXFileReference; lastKnownFileType = text.plist.xml; path = Info.plist; sourceTree = "<group>"; };
		7CA0DAE929AEEE45006421B8 /* UIKViewsTests.xctest */ = {isa = PBXFileReference; explicitFileType = wrapper.cfbundle; includeInIndex = 0; path = UIKViewsTests.xctest; sourceTree = BUILT_PRODUCTS_DIR; };
		7CA0DAED29AEEE45006421B8 /* UIKViewsTests.swift */ = {isa = PBXFileReference; lastKnownFileType = sourcecode.swift; path = UIKViewsTests.swift; sourceTree = "<group>"; };
		7CA0DAF329AEEE45006421B8 /* UIKViewsUITests.xctest */ = {isa = PBXFileReference; explicitFileType = wrapper.cfbundle; includeInIndex = 0; path = UIKViewsUITests.xctest; sourceTree = BUILT_PRODUCTS_DIR; };
		7CA0DAF729AEEE45006421B8 /* UIKViewsUITests.swift */ = {isa = PBXFileReference; lastKnownFileType = sourcecode.swift; path = UIKViewsUITests.swift; sourceTree = "<group>"; };
		7CA0DAF929AEEE45006421B8 /* UIKViewsUITestsLaunchTests.swift */ = {isa = PBXFileReference; lastKnownFileType = sourcecode.swift; path = UIKViewsUITestsLaunchTests.swift; sourceTree = "<group>"; };
/* End PBXFileReference section */

/* Begin PBXFrameworksBuildPhase section */
		7CA0DAD029AEEE44006421B8 /* Frameworks */ = {
			isa = PBXFrameworksBuildPhase;
			buildActionMask = 2147483647;
			files = (
			);
			runOnlyForDeploymentPostprocessing = 0;
		};
		7CA0DAE629AEEE45006421B8 /* Frameworks */ = {
			isa = PBXFrameworksBuildPhase;
			buildActionMask = 2147483647;
			files = (
			);
			runOnlyForDeploymentPostprocessing = 0;
		};
		7CA0DAF029AEEE45006421B8 /* Frameworks */ = {
			isa = PBXFrameworksBuildPhase;
			buildActionMask = 2147483647;
			files = (
			);
			runOnlyForDeploymentPostprocessing = 0;
		};
/* End PBXFrameworksBuildPhase section */

/* Begin PBXGroup section */
		7CA0DACA29AEEE43006421B8 = {
			isa = PBXGroup;
			children = (
				7CA0DAD529AEEE44006421B8 /* UIKViews */,
				7CA0DAEC29AEEE45006421B8 /* UIKViewsTests */,
				7CA0DAF629AEEE45006421B8 /* UIKViewsUITests */,
				7CA0DAD429AEEE44006421B8 /* Products */,
			);
			sourceTree = "<group>";
		};
		7CA0DAD429AEEE44006421B8 /* Products */ = {
			isa = PBXGroup;
			children = (
				7CA0DAD329AEEE44006421B8 /* UIKViews.app */,
				7CA0DAE929AEEE45006421B8 /* UIKViewsTests.xctest */,
				7CA0DAF329AEEE45006421B8 /* UIKViewsUITests.xctest */,
			);
			name = Products;
			sourceTree = "<group>";
		};
		7CA0DAD529AEEE44006421B8 /* UIKViews */ = {
			isa = PBXGroup;
			children = (
				7CA0DAD629AEEE44006421B8 /* AppDelegate.swift */,
				7CA0DAD829AEEE44006421B8 /* SceneDelegate.swift */,
				7CA0DADA29AEEE44006421B8 /* ViewController.swift */,
				7CA0DADC29AEEE44006421B8 /* Main.storyboard */,
				7CA0DADF29AEEE44006421B8 /* Assets.xcassets */,
				7CA0DAE129AEEE44006421B8 /* LaunchScreen.storyboard */,
				7CA0DAE429AEEE44006421B8 /* Info.plist */,
			);
			path = UIKViews;
			sourceTree = "<group>";
		};
		7CA0DAEC29AEEE45006421B8 /* UIKViewsTests */ = {
			isa = PBXGroup;
			children = (
				7CA0DAED29AEEE45006421B8 /* UIKViewsTests.swift */,
			);
			path = UIKViewsTests;
			sourceTree = "<group>";
		};
		7CA0DAF629AEEE45006421B8 /* UIKViewsUITests */ = {
			isa = PBXGroup;
			children = (
				7CA0DAF729AEEE45006421B8 /* UIKViewsUITests.swift */,
				7CA0DAF929AEEE45006421B8 /* UIKViewsUITestsLaunchTests.swift */,
			);
			path = UIKViewsUITests;
			sourceTree = "<group>";
		};
/* End PBXGroup section */

/* Begin PBXNativeTarget section */
		7CA0DAD229AEEE44006421B8 /* UIKViews */ = {
			isa = PBXNativeTarget;
			buildConfigurationList = 7CA0DAFD29AEEE45006421B8 /* Build configuration list for PBXNativeTarget "UIKViews" */;
			buildPhases = (
				7CA0DACF29AEEE44006421B8 /* Sources */,
				7CA0DAD029AEEE44006421B8 /* Frameworks */,
				7CA0DAD129AEEE44006421B8 /* Resources */,
			);
			buildRules = (
			);
			dependencies = (
			);
			name = UIKViews;
			productName = UIKViews;
			productReference = 7CA0DAD329AEEE44006421B8 /* UIKViews.app */;
			productType = "com.apple.product-type.application";
		};
		7CA0DAE829AEEE45006421B8 /* UIKViewsTests */ = {
			isa = PBXNativeTarget;
			buildConfigurationList = 7CA0DB0029AEEE45006421B8 /* Build configuration list for PBXNativeTarget "UIKViewsTests" */;
			buildPhases = (
				7CA0DAE529AEEE45006421B8 /* Sources */,
				7CA0DAE629AEEE45006421B8 /* Frameworks */,
				7CA0DAE729AEEE45006421B8 /* Resources */,
			);
			buildRules = (
			);
			dependencies = (
				7CA0DAEB29AEEE45006421B8 /* PBXTargetDependency */,
			);
			name = UIKViewsTests;
			productName = UIKViewsTests;
			productReference = 7CA0DAE929AEEE45006421B8 /* UIKViewsTests.xctest */;
			productType = "com.apple.product-type.bundle.unit-test";
		};
		7CA0DAF229AEEE45006421B8 /* UIKViewsUITests */ = {
			isa = PBXNativeTarget;
			buildConfigurationList = 7CA0DB0329AEEE45006421B8 /* Build configuration list for PBXNativeTarget "UIKViewsUITests" */;
			buildPhases = (
				7CA0DAEF29AEEE45006421B8 /* Sources */,
				7CA0DAF029AEEE45006421B8 /* Frameworks */,
				7CA0DAF129AEEE45006421B8 /* Resources */,
			);
			buildRules = (
			);
			dependencies = (
				7CA0DAF529AEEE45006421B8 /* PBXTargetDependency */,
			);
			name = UIKViewsUITests;
			productName = UIKViewsUITests;
			productReference = 7CA0DAF329AEEE45006421B8 /* UIKViewsUITests.xctest */;
			productType = "com.apple.product-type.bundle.ui-testing";
		};
/* End PBXNativeTarget section */

/* Begin PBXProject section */
		7CA0DACB29AEEE44006421B8 /* Project object */ = {
			isa = PBXProject;
			attributes = {
				BuildIndependentTargetsInParallel = 1;
				LastSwiftUpdateCheck = 1420;
				LastUpgradeCheck = 1420;
				TargetAttributes = {
					7CA0DAD229AEEE44006421B8 = {
						CreatedOnToolsVersion = 14.2;
					};
					7CA0DAE829AEEE45006421B8 = {
						CreatedOnToolsVersion = 14.2;
						TestTargetID = 7CA0DAD229AEEE44006421B8;
					};
					7CA0DAF229AEEE45006421B8 = {
						CreatedOnToolsVersion = 14.2;
						TestTargetID = 7CA0DAD229AEEE44006421B8;
					};
				};
			};
			buildConfigurationList = 7CA0DACE29AEEE44006421B8 /* Build configuration list for PBXProject "UIKViews" */;
			compatibilityVersion = "Xcode 14.0";
			developmentRegion = en;
			hasScannedForEncodings = 0;
			knownRegions = (
				en,
				Base,
			);
			mainGroup = 7CA0DACA29AEEE43006421B8;
			productRefGroup = 7CA0DAD429AEEE44006421B8 /* Products */;
			projectDirPath = "";
			projectRoot = "";
			targets = (
				7CA0DAD229AEEE44006421B8 /* UIKViews */,
				7CA0DAE829AEEE45006421B8 /* UIKViewsTests */,
				7CA0DAF229AEEE45006421B8 /* UIKViewsUITests */,
			);
		};
/* End PBXProject section */

/* Begin PBXResourcesBuildPhase section */
		7CA0DAD129AEEE44006421B8 /* Resources */ = {
			isa = PBXResourcesBuildPhase;
			buildActionMask = 2147483647;
			files = (
				7CA0DAE329AEEE44006421B8 /* LaunchScreen.storyboard in Resources */,
				7CA0DAE029AEEE44006421B8 /* Assets.xcassets in Resources */,
				7CA0DADE29AEEE44006421B8 /* Main.storyboard in Resources */,
			);
			runOnlyForDeploymentPostprocessing = 0;
		};
		7CA0DAE729AEEE45006421B8 /* Resources */ = {
			isa = PBXResourcesBuildPhase;
			buildActionMask = 2147483647;
			files = (
			);
			runOnlyForDeploymentPostprocessing = 0;
		};
		7CA0DAF129AEEE45006421B8 /* Resources */ = {
			isa = PBXResourcesBuildPhase;
			buildActionMask = 2147483647;
			files = (
			);
			runOnlyForDeploymentPostprocessing = 0;
		};
/* End PBXResourcesBuildPhase section */

/* Begin PBXSourcesBuildPhase section */
		7CA0DACF29AEEE44006421B8 /* Sources */ = {
			isa = PBXSourcesBuildPhase;
			buildActionMask = 2147483647;
			files = (
				7CA0DADB29AEEE44006421B8 /* ViewController.swift in Sources */,
				7CA0DAD729AEEE44006421B8 /* AppDelegate.swift in Sources */,
				7CA0DAD929AEEE44006421B8 /* SceneDelegate.swift in Sources */,
			);
			runOnlyForDeploymentPostprocessing = 0;
		};
		7CA0DAE529AEEE45006421B8 /* Sources */ = {
			isa = PBXSourcesBuildPhase;
			buildActionMask = 2147483647;
			files = (
				7CA0DAEE29AEEE45006421B8 /* UIKViewsTests.swift in Sources */,
			);
			runOnlyForDeploymentPostprocessing = 0;
		};
		7CA0DAEF29AEEE45006421B8 /* Sources */ = {
			isa = PBXSourcesBuildPhase;
			buildActionMask = 2147483647;
			files = (
				7CA0DAFA29AEEE45006421B8 /* UIKViewsUITestsLaunchTests.swift in Sources */,
				7CA0DAF829AEEE45006421B8 /* UIKViewsUITests.swift in Sources */,
			);
			runOnlyForDeploymentPostprocessing = 0;
		};
/* End PBXSourcesBuildPhase section */

/* Begin PBXTargetDependency section */
		7CA0DAEB29AEEE45006421B8 /* PBXTargetDependency */ = {
			isa = PBXTargetDependency;
			target = 7CA0DAD229AEEE44006421B8 /* UIKViews */;
			targetProxy = 7CA0DAEA29AEEE45006421B8 /* PBXContainerItemProxy */;
		};
		7CA0DAF529AEEE45006421B8 /* PBXTargetDependency */ = {
			isa = PBXTargetDependency;
			target = 7CA0DAD229AEEE44006421B8 /* UIKViews */;
			targetProxy = 7CA0DAF429AEEE45006421B8 /* PBXContainerItemProxy */;
		};
/* End PBXTargetDependency section */

/* Begin PBXVariantGroup section */
		7CA0DADC29AEEE44006421B8 /* Main.storyboard */ = {
			isa = PBXVariantGroup;
			children = (
				7CA0DADD29AEEE44006421B8 /* Base */,
			);
			name = Main.storyboard;
			sourceTree = "<group>";
		};
		7CA0DAE129AEEE44006421B8 /* LaunchScreen.storyboard */ = {
			isa = PBXVariantGroup;
			children = (
				7CA0DAE229AEEE44006421B8 /* Base */,
			);
			name = LaunchScreen.storyboard;
			sourceTree = "<group>";
		};
/* End PBXVariantGroup section */

/* Begin XCBuildConfiguration section */
		7CA0DAFB29AEEE45006421B8 /* Debug */ = {
			isa = XCBuildConfiguration;
			buildSettings = {
				ALWAYS_SEARCH_USER_PATHS = NO;
				CLANG_ANALYZER_NONNULL = YES;
				CLANG_ANALYZER_NUMBER_OBJECT_CONVERSION = YES_AGGRESSIVE;
				CLANG_CXX_LANGUAGE_STANDARD = "gnu++20";
				CLANG_ENABLE_MODULES = YES;
				CLANG_ENABLE_OBJC_ARC = YES;
				CLANG_ENABLE_OBJC_WEAK = YES;
				CLANG_WARN_BLOCK_CAPTURE_AUTORELEASING = YES;
				CLANG_WARN_BOOL_CONVERSION = YES;
				CLANG_WARN_COMMA = YES;
				CLANG_WARN_CONSTANT_CONVERSION = YES;
				CLANG_WARN_DEPRECATED_OBJC_IMPLEMENTATIONS = YES;
				CLANG_WARN_DIRECT_OBJC_ISA_USAGE = YES_ERROR;
				CLANG_WARN_DOCUMENTATION_COMMENTS = YES;
				CLANG_WARN_EMPTY_BODY = YES;
				CLANG_WARN_ENUM_CONVERSION = YES;
				CLANG_WARN_INFINITE_RECURSION = YES;
				CLANG_WARN_INT_CONVERSION = YES;
				CLANG_WARN_NON_LITERAL_NULL_CONVERSION = YES;
				CLANG_WARN_OBJC_IMPLICIT_RETAIN_SELF = YES;
				CLANG_WARN_OBJC_LITERAL_CONVERSION = YES;
				CLANG_WARN_OBJC_ROOT_CLASS = YES_ERROR;
				CLANG_WARN_QUOTED_INCLUDE_IN_FRAMEWORK_HEADER = YES;
				CLANG_WARN_RANGE_LOOP_ANALYSIS = YES;
				CLANG_WARN_STRICT_PROTOTYPES = YES;
				CLANG_WARN_SUSPICIOUS_MOVE = YES;
				CLANG_WARN_UNGUARDED_AVAILABILITY = YES_AGGRESSIVE;
				CLANG_WARN_UNREACHABLE_CODE = YES;
				CLANG_WARN__DUPLICATE_METHOD_MATCH = YES;
				COPY_PHASE_STRIP = NO;
				DEBUG_INFORMATION_FORMAT = dwarf;
				ENABLE_STRICT_OBJC_MSGSEND = YES;
				ENABLE_TESTABILITY = YES;
				GCC_C_LANGUAGE_STANDARD = gnu11;
				GCC_DYNAMIC_NO_PIC = NO;
				GCC_NO_COMMON_BLOCKS = YES;
				GCC_OPTIMIZATION_LEVEL = 0;
				GCC_PREPROCESSOR_DEFINITIONS = (
					"DEBUG=1",
					"$(inherited)",
				);
				GCC_WARN_64_TO_32_BIT_CONVERSION = YES;
				GCC_WARN_ABOUT_RETURN_TYPE = YES_ERROR;
				GCC_WARN_UNDECLARED_SELECTOR = YES;
				GCC_WARN_UNINITIALIZED_AUTOS = YES_AGGRESSIVE;
				GCC_WARN_UNUSED_FUNCTION = YES;
				GCC_WARN_UNUSED_VARIABLE = YES;
				IPHONEOS_DEPLOYMENT_TARGET = 16.2;
				MTL_ENABLE_DEBUG_INFO = INCLUDE_SOURCE;
				MTL_FAST_MATH = YES;
				ONLY_ACTIVE_ARCH = YES;
				SDKROOT = iphoneos;
				SWIFT_ACTIVE_COMPILATION_CONDITIONS = DEBUG;
				SWIFT_OPTIMIZATION_LEVEL = "-Onone";
			};
			name = Debug;
		};
		7CA0DAFC29AEEE45006421B8 /* Release */ = {
			isa = XCBuildConfiguration;
			buildSettings = {
				ALWAYS_SEARCH_USER_PATHS = NO;
				CLANG_ANALYZER_NONNULL = YES;
				CLANG_ANALYZER_NUMBER_OBJECT_CONVERSION = YES_AGGRESSIVE;
				CLANG_CXX_LANGUAGE_STANDARD = "gnu++20";
				CLANG_ENABLE_MODULES = YES;
				CLANG_ENABLE_OBJC_ARC = YES;
				CLANG_ENABLE_OBJC_WEAK = YES;
				CLANG_WARN_BLOCK_CAPTURE_AUTORELEASING = YES;
				CLANG_WARN_BOOL_CONVERSION = YES;
				CLANG_WARN_COMMA = YES;
				CLANG_WARN_CONSTANT_CONVERSION = YES;
				CLANG_WARN_DEPRECATED_OBJC_IMPLEMENTATIONS = YES;
				CLANG_WARN_DIRECT_OBJC_ISA_USAGE = YES_ERROR;
				CLANG_WARN_DOCUMENTATION_COMMENTS = YES;
				CLANG_WARN_EMPTY_BODY = YES;
				CLANG_WARN_ENUM_CONVERSION = YES;
				CLANG_WARN_INFINITE_RECURSION = YES;
				CLANG_WARN_INT_CONVERSION = YES;
				CLANG_WARN_NON_LITERAL_NULL_CONVERSION = YES;
				CLANG_WARN_OBJC_IMPLICIT_RETAIN_SELF = YES;
				CLANG_WARN_OBJC_LITERAL_CONVERSION = YES;
				CLANG_WARN_OBJC_ROOT_CLASS = YES_ERROR;
				CLANG_WARN_QUOTED_INCLUDE_IN_FRAMEWORK_HEADER = YES;
				CLANG_WARN_RANGE_LOOP_ANALYSIS = YES;
				CLANG_WARN_STRICT_PROTOTYPES = YES;
				CLANG_WARN_SUSPICIOUS_MOVE = YES;
				CLANG_WARN_UNGUARDED_AVAILABILITY = YES_AGGRESSIVE;
				CLANG_WARN_UNREACHABLE_CODE = YES;
				CLANG_WARN__DUPLICATE_METHOD_MATCH = YES;
				COPY_PHASE_STRIP = NO;
				DEBUG_INFORMATION_FORMAT = "dwarf-with-dsym";
				ENABLE_NS_ASSERTIONS = NO;
				ENABLE_STRICT_OBJC_MSGSEND = YES;
				GCC_C_LANGUAGE_STANDARD = gnu11;
				GCC_NO_COMMON_BLOCKS = YES;
				GCC_WARN_64_TO_32_BIT_CONVERSION = YES;
				GCC_WARN_ABOUT_RETURN_TYPE = YES_ERROR;
				GCC_WARN_UNDECLARED_SELECTOR = YES;
				GCC_WARN_UNINITIALIZED_AUTOS = YES_AGGRESSIVE;
				GCC_WARN_UNUSED_FUNCTION = YES;
				GCC_WARN_UNUSED_VARIABLE = YES;
				IPHONEOS_DEPLOYMENT_TARGET = 16.2;
				MTL_ENABLE_DEBUG_INFO = NO;
				MTL_FAST_MATH = YES;
				SDKROOT = iphoneos;
				SWIFT_COMPILATION_MODE = wholemodule;
				SWIFT_OPTIMIZATION_LEVEL = "-O";
				VALIDATE_PRODUCT = YES;
			};
			name = Release;
		};
		7CA0DAFE29AEEE45006421B8 /* Debug */ = {
			isa = XCBuildConfiguration;
			buildSettings = {
				ASSETCATALOG_COMPILER_APPICON_NAME = AppIcon;
				ASSETCATALOG_COMPILER_GLOBAL_ACCENT_COLOR_NAME = AccentColor;
				CODE_SIGN_STYLE = Automatic;
				CURRENT_PROJECT_VERSION = 1;
				DEVELOPMENT_TEAM = Z83D3LA293;
				GENERATE_INFOPLIST_FILE = YES;
				INFOPLIST_FILE = UIKViews/Info.plist;
				INFOPLIST_KEY_UIApplicationSupportsIndirectInputEvents = YES;
				INFOPLIST_KEY_UILaunchStoryboardName = LaunchScreen;
				INFOPLIST_KEY_UIMainStoryboardFile = Main;
				INFOPLIST_KEY_UISupportedInterfaceOrientations_iPad = "UIInterfaceOrientationPortrait UIInterfaceOrientationPortraitUpsideDown UIInterfaceOrientationLandscapeLeft UIInterfaceOrientationLandscapeRight";
				INFOPLIST_KEY_UISupportedInterfaceOrientations_iPhone = "UIInterfaceOrientationPortrait UIInterfaceOrientationLandscapeLeft UIInterfaceOrientationLandscapeRight";
				LD_RUNPATH_SEARCH_PATHS = (
					"$(inherited)",
					"@executable_path/Frameworks",
				);
				MARKETING_VERSION = 1.0;
				PRODUCT_BUNDLE_IDENTIFIER = myplayground.UIKViews;
				PRODUCT_NAME = "$(TARGET_NAME)";
				SWIFT_EMIT_LOC_STRINGS = YES;
				SWIFT_VERSION = 5.0;
				TARGETED_DEVICE_FAMILY = "1,2";
			};
			name = Debug;
		};
		7CA0DAFF29AEEE45006421B8 /* Release */ = {
			isa = XCBuildConfiguration;
			buildSettings = {
				ASSETCATALOG_COMPILER_APPICON_NAME = AppIcon;
				ASSETCATALOG_COMPILER_GLOBAL_ACCENT_COLOR_NAME = AccentColor;
				CODE_SIGN_STYLE = Automatic;
				CURRENT_PROJECT_VERSION = 1;
				DEVELOPMENT_TEAM = Z83D3LA293;
				GENERATE_INFOPLIST_FILE = YES;
				INFOPLIST_FILE = UIKViews/Info.plist;
				INFOPLIST_KEY_UIApplicationSupportsIndirectInputEvents = YES;
				INFOPLIST_KEY_UILaunchStoryboardName = LaunchScreen;
				INFOPLIST_KEY_UIMainStoryboardFile = Main;
				INFOPLIST_KEY_UISupportedInterfaceOrientations_iPad = "UIInterfaceOrientationPortrait UIInterfaceOrientationPortraitUpsideDown UIInterfaceOrientationLandscapeLeft UIInterfaceOrientationLandscapeRight";
				INFOPLIST_KEY_UISupportedInterfaceOrientations_iPhone = "UIInterfaceOrientationPortrait UIInterfaceOrientationLandscapeLeft UIInterfaceOrientationLandscapeRight";
				LD_RUNPATH_SEARCH_PATHS = (
					"$(inherited)",
					"@executable_path/Frameworks",
				);
				MARKETING_VERSION = 1.0;
				PRODUCT_BUNDLE_IDENTIFIER = myplayground.UIKViews;
				PRODUCT_NAME = "$(TARGET_NAME)";
				SWIFT_EMIT_LOC_STRINGS = YES;
				SWIFT_VERSION = 5.0;
				TARGETED_DEVICE_FAMILY = "1,2";
			};
			name = Release;
		};
		7CA0DB0129AEEE45006421B8 /* Debug */ = {
			isa = XCBuildConfiguration;
			buildSettings = {
				ALWAYS_EMBED_SWIFT_STANDARD_LIBRARIES = YES;
				BUNDLE_LOADER = "$(TEST_HOST)";
				CODE_SIGN_STYLE = Automatic;
				CURRENT_PROJECT_VERSION = 1;
				DEVELOPMENT_TEAM = Z83D3LA293;
				GENERATE_INFOPLIST_FILE = YES;
				IPHONEOS_DEPLOYMENT_TARGET = 16.2;
				MARKETING_VERSION = 1.0;
				PRODUCT_BUNDLE_IDENTIFIER = myplayground.UIKViewsTests;
				PRODUCT_NAME = "$(TARGET_NAME)";
				SWIFT_EMIT_LOC_STRINGS = NO;
				SWIFT_VERSION = 5.0;
				TARGETED_DEVICE_FAMILY = "1,2";
				TEST_HOST = "$(BUILT_PRODUCTS_DIR)/UIKViews.app/$(BUNDLE_EXECUTABLE_FOLDER_PATH)/UIKViews";
			};
			name = Debug;
		};
		7CA0DB0229AEEE45006421B8 /* Release */ = {
			isa = XCBuildConfiguration;
			buildSettings = {
				ALWAYS_EMBED_SWIFT_STANDARD_LIBRARIES = YES;
				BUNDLE_LOADER = "$(TEST_HOST)";
				CODE_SIGN_STYLE = Automatic;
				CURRENT_PROJECT_VERSION = 1;
				DEVELOPMENT_TEAM = Z83D3LA293;
				GENERATE_INFOPLIST_FILE = YES;
				IPHONEOS_DEPLOYMENT_TARGET = 16.2;
				MARKETING_VERSION = 1.0;
				PRODUCT_BUNDLE_IDENTIFIER = myplayground.UIKViewsTests;
				PRODUCT_NAME = "$(TARGET_NAME)";
				SWIFT_EMIT_LOC_STRINGS = NO;
				SWIFT_VERSION = 5.0;
				TARGETED_DEVICE_FAMILY = "1,2";
				TEST_HOST = "$(BUILT_PRODUCTS_DIR)/UIKViews.app/$(BUNDLE_EXECUTABLE_FOLDER_PATH)/UIKViews";
			};
			name = Release;
		};
		7CA0DB0429AEEE45006421B8 /* Debug */ = {
			isa = XCBuildConfiguration;
			buildSettings = {
				ALWAYS_EMBED_SWIFT_STANDARD_LIBRARIES = YES;
				CODE_SIGN_STYLE = Automatic;
				CURRENT_PROJECT_VERSION = 1;
				DEVELOPMENT_TEAM = Z83D3LA293;
				GENERATE_INFOPLIST_FILE = YES;
				MARKETING_VERSION = 1.0;
				PRODUCT_BUNDLE_IDENTIFIER = myplayground.UIKViewsUITests;
				PRODUCT_NAME = "$(TARGET_NAME)";
				SWIFT_EMIT_LOC_STRINGS = NO;
				SWIFT_VERSION = 5.0;
				TARGETED_DEVICE_FAMILY = "1,2";
				TEST_TARGET_NAME = UIKViews;
			};
			name = Debug;
		};
		7CA0DB0529AEEE45006421B8 /* Release */ = {
			isa = XCBuildConfiguration;
			buildSettings = {
				ALWAYS_EMBED_SWIFT_STANDARD_LIBRARIES = YES;
				CODE_SIGN_STYLE = Automatic;
				CURRENT_PROJECT_VERSION = 1;
				DEVELOPMENT_TEAM = Z83D3LA293;
				GENERATE_INFOPLIST_FILE = YES;
				MARKETING_VERSION = 1.0;
				PRODUCT_BUNDLE_IDENTIFIER = myplayground.UIKViewsUITests;
				PRODUCT_NAME = "$(TARGET_NAME)";
				SWIFT_EMIT_LOC_STRINGS = NO;
				SWIFT_VERSION = 5.0;
				TARGETED_DEVICE_FAMILY = "1,2";
				TEST_TARGET_NAME = UIKViews;
			};
			name = Release;
		};
/* End XCBuildConfiguration section */

/* Begin XCConfigurationList section */
		7CA0DACE29AEEE44006421B8 /* Build configuration list for PBXProject "UIKViews" */ = {
			isa = XCConfigurationList;
			buildConfigurations = (
				7CA0DAFB29AEEE45006421B8 /* Debug */,
				7CA0DAFC29AEEE45006421B8 /* Release */,
			);
			defaultConfigurationIsVisible = 0;
			defaultConfigurationName = Release;
		};
		7CA0DAFD29AEEE45006421B8 /* Build configuration list for PBXNativeTarget "UIKViews" */ = {
			isa = XCConfigurationList;
			buildConfigurations = (
				7CA0DAFE29AEEE45006421B8 /* Debug */,
				7CA0DAFF29AEEE45006421B8 /* Release */,
			);
			defaultConfigurationIsVisible = 0;
			defaultConfigurationName = Release;
		};
		7CA0DB0029AEEE45006421B8 /* Build configuration list for PBXNativeTarget "UIKViewsTests" */ = {
			isa = XCConfigurationList;
			buildConfigurations = (
				7CA0DB0129AEEE45006421B8 /* Debug */,
				7CA0DB0229AEEE45006421B8 /* Release */,
			);
			defaultConfigurationIsVisible = 0;
			defaultConfigurationName = Release;
		};
		7CA0DB0329AEEE45006421B8 /* Build configuration list for PBXNativeTarget "UIKViewsUITests" */ = {
			isa = XCConfigurationList;
			buildConfigurations = (
				7CA0DB0429AEEE45006421B8 /* Debug */,
				7CA0DB0529AEEE45006421B8 /* Release */,
			);
			defaultConfigurationIsVisible = 0;
			defaultConfigurationName = Release;
		};
/* End XCConfigurationList section */
	};
	rootObject = 7CA0DACB29AEEE44006421B8 /* Project object */;
}
